// !$*UTF8*$!
{
	archiveVersion = 1;
	classes = {
	};
	objectVersion = 50;
	objects = {

/* Begin PBXBuildFile section */
		B206E94323F09C3100A8F26B /* AppDelegate.swift in Sources */ = {isa = PBXBuildFile; fileRef = B206E94223F09C3100A8F26B /* AppDelegate.swift */; };
		B206E94523F09C3100A8F26B /* SceneDelegate.swift in Sources */ = {isa = PBXBuildFile; fileRef = B206E94423F09C3100A8F26B /* SceneDelegate.swift */; };
		B206E94723F09C3100A8F26B /* ViewController.swift in Sources */ = {isa = PBXBuildFile; fileRef = B206E94623F09C3100A8F26B /* ViewController.swift */; };
		B206E94A23F09C3100A8F26B /* Main.storyboard in Resources */ = {isa = PBXBuildFile; fileRef = B206E94823F09C3100A8F26B /* Main.storyboard */; };
		B206E94C23F09C3200A8F26B /* Assets.xcassets in Resources */ = {isa = PBXBuildFile; fileRef = B206E94B23F09C3200A8F26B /* Assets.xcassets */; };
		B206E94F23F09C3200A8F26B /* LaunchScreen.storyboard in Resources */ = {isa = PBXBuildFile; fileRef = B206E94D23F09C3200A8F26B /* LaunchScreen.storyboard */; };
		B206E95723F0A8F200A8F26B /* UIViewControllerExtensions.swift in Sources */ = {isa = PBXBuildFile; fileRef = B206E95623F0A8F200A8F26B /* UIViewControllerExtensions.swift */; };
/* End PBXBuildFile section */

/* Begin PBXFileReference section */
		B206E93F23F09C3100A8F26B /* GradientNavBarDemo.app */ = {isa = PBXFileReference; explicitFileType = wrapper.application; includeInIndex = 0; path = GradientNavBarDemo.app; sourceTree = BUILT_PRODUCTS_DIR; };
		B206E94223F09C3100A8F26B /* AppDelegate.swift */ = {isa = PBXFileReference; lastKnownFileType = sourcecode.swift; path = AppDelegate.swift; sourceTree = "<group>"; };
		B206E94423F09C3100A8F26B /* SceneDelegate.swift */ = {isa = PBXFileReference; lastKnownFileType = sourcecode.swift; path = SceneDelegate.swift; sourceTree = "<group>"; };
		B206E94623F09C3100A8F26B /* ViewController.swift */ = {isa = PBXFileReference; lastKnownFileType = sourcecode.swift; path = ViewController.swift; sourceTree = "<group>"; };
		B206E94923F09C3100A8F26B /* Base */ = {isa = PBXFileReference; lastKnownFileType = file.storyboard; name = Base; path = Base.lproj/Main.storyboard; sourceTree = "<group>"; };
		B206E94B23F09C3200A8F26B /* Assets.xcassets */ = {isa = PBXFileReference; lastKnownFileType = folder.assetcatalog; path = Assets.xcassets; sourceTree = "<group>"; };
		B206E94E23F09C3200A8F26B /* Base */ = {isa = PBXFileReference; lastKnownFileType = file.storyboard; name = Base; path = Base.lproj/LaunchScreen.storyboard; sourceTree = "<group>"; };
		B206E95023F09C3200A8F26B /* Info.plist */ = {isa = PBXFileReference; lastKnownFileType = text.plist.xml; path = Info.plist; sourceTree = "<group>"; };
		B206E95623F0A8F200A8F26B /* UIViewControllerExtensions.swift */ = {isa = PBXFileReference; lastKnownFileType = sourcecode.swift; path = UIViewControllerExtensions.swift; sourceTree = "<group>"; };
/* End PBXFileReference section */

/* Begin PBXFrameworksBuildPhase section */
		B206E93C23F09C3100A8F26B /* Frameworks */ = {
			isa = PBXFrameworksBuildPhase;
			buildActionMask = 2147483647;
			files = (
			);
			runOnlyForDeploymentPostprocessing = 0;
		};
/* End PBXFrameworksBuildPhase section */

/* Begin PBXGroup section */
		B206E93623F09C3100A8F26B = {
			isa = PBXGroup;
			children = (
				B206E94123F09C3100A8F26B /* GradientNavBarDemo */,
				B206E94023F09C3100A8F26B /* Products */,
			);
			sourceTree = "<group>";
		};
		B206E94023F09C3100A8F26B /* Products */ = {
			isa = PBXGroup;
			children = (
				B206E93F23F09C3100A8F26B /* GradientNavBarDemo.app */,
			);
			name = Products;
			sourceTree = "<group>";
		};
		B206E94123F09C3100A8F26B /* GradientNavBarDemo */ = {
			isa = PBXGroup;
			children = (
				B206E95623F0A8F200A8F26B /* UIViewControllerExtensions.swift */,
				B206E94223F09C3100A8F26B /* AppDelegate.swift */,
				B206E94423F09C3100A8F26B /* SceneDelegate.swift */,
				B206E94623F09C3100A8F26B /* ViewController.swift */,
				B206E94823F09C3100A8F26B /* Main.storyboard */,
				B206E94B23F09C3200A8F26B /* Assets.xcassets */,
				B206E94D23F09C3200A8F26B /* LaunchScreen.storyboard */,
				B206E95023F09C3200A8F26B /* Info.plist */,
			);
			path = GradientNavBarDemo;
			sourceTree = "<group>";
		};
/* End PBXGroup section */

/* Begin PBXNativeTarget section */
		B206E93E23F09C3100A8F26B /* GradientNavBarDemo */ = {
			isa = PBXNativeTarget;
			buildConfigurationList = B206E95323F09C3200A8F26B /* Build configuration list for PBXNativeTarget "GradientNavBarDemo" */;
			buildPhases = (
				B206E93B23F09C3100A8F26B /* Sources */,
				B206E93C23F09C3100A8F26B /* Frameworks */,
				B206E93D23F09C3100A8F26B /* Resources */,
			);
			buildRules = (
			);
			dependencies = (
			);
			name = GradientNavBarDemo;
			productName = GradientNavBarDemo;
			productReference = B206E93F23F09C3100A8F26B /* GradientNavBarDemo.app */;
			productType = "com.apple.product-type.application";
		};
/* End PBXNativeTarget section */

/* Begin PBXProject section */
		B206E93723F09C3100A8F26B /* Project object */ = {
			isa = PBXProject;
			attributes = {
				LastSwiftUpdateCheck = 1130;
				LastUpgradeCheck = 1130;
				ORGANIZATIONNAME = "Diego Bustamante";
				TargetAttributes = {
					B206E93E23F09C3100A8F26B = {
						CreatedOnToolsVersion = 11.3.1;
					};
				};
			};
			buildConfigurationList = B206E93A23F09C3100A8F26B /* Build configuration list for PBXProject "GradientNavBarDemo" */;
			compatibilityVersion = "Xcode 9.3";
			developmentRegion = en;
			hasScannedForEncodings = 0;
			knownRegions = (
				en,
				Base,
			);
			mainGroup = B206E93623F09C3100A8F26B;
			productRefGroup = B206E94023F09C3100A8F26B /* Products */;
			projectDirPath = "";
			projectRoot = "";
			targets = (
				B206E93E23F09C3100A8F26B /* GradientNavBarDemo */,
			);
		};
/* End PBXProject section */

/* Begin PBXResourcesBuildPhase section */
		B206E93D23F09C3100A8F26B /* Resources */ = {
			isa = PBXResourcesBuildPhase;
			buildActionMask = 2147483647;
			files = (
				B206E94F23F09C3200A8F26B /* LaunchScreen.storyboard in Resources */,
				B206E94C23F09C3200A8F26B /* Assets.xcassets in Resources */,
				B206E94A23F09C3100A8F26B /* Main.storyboard in Resources */,
			);
			runOnlyForDeploymentPostprocessing = 0;
		};
/* End PBXResourcesBuildPhase section */

/* Begin PBXSourcesBuildPhase section */
		B206E93B23F09C3100A8F26B /* Sources */ = {
			isa = PBXSourcesBuildPhase;
			buildActionMask = 2147483647;
			files = (
				B206E95723F0A8F200A8F26B /* UIViewControllerExtensions.swift in Sources */,
				B206E94723F09C3100A8F26B /* ViewController.swift in Sources */,
				B206E94323F09C3100A8F26B /* AppDelegate.swift in Sources */,
				B206E94523F09C3100A8F26B /* SceneDelegate.swift in Sources */,
			);
			runOnlyForDeploymentPostprocessing = 0;
		};
/* End PBXSourcesBuildPhase section */

/* Begin PBXVariantGroup section */
		B206E94823F09C3100A8F26B /* Main.storyboard */ = {
			isa = PBXVariantGroup;
			children = (
				B206E94923F09C3100A8F26B /* Base */,
			);
			name = Main.storyboard;
			sourceTree = "<group>";
		};
		B206E94D23F09C3200A8F26B /* LaunchScreen.storyboard */ = {
			isa = PBXVariantGroup;
			children = (
				B206E94E23F09C3200A8F26B /* Base */,
			);
			name = LaunchScreen.storyboard;
			sourceTree = "<group>";
		};
/* End PBXVariantGroup section */

/* Begin XCBuildConfiguration section */
		B206E95123F09C3200A8F26B /* Debug */ = {
			isa = XCBuildConfiguration;
			buildSettings = {
				ALWAYS_SEARCH_USER_PATHS = NO;
				CLANG_ANALYZER_NONNULL = YES;
				CLANG_ANALYZER_NUMBER_OBJECT_CONVERSION = YES_AGGRESSIVE;
				CLANG_CXX_LANGUAGE_STANDARD = "gnu++14";
				CLANG_CXX_LIBRARY = "libc++";
				CLANG_ENABLE_MODULES = YES;
				CLANG_ENABLE_OBJC_ARC = YES;
				CLANG_ENABLE_OBJC_WEAK = YES;
				CLANG_WARN_BLOCK_CAPTURE_AUTORELEASING = YES;
				CLANG_WARN_BOOL_CONVERSION = YES;
				CLANG_WARN_COMMA = YES;
				CLANG_WARN_CONSTANT_CONVERSION = YES;
				CLANG_WARN_DEPRECATED_OBJC_IMPLEMENTATIONS = YES;
				CLANG_WARN_DIRECT_OBJC_ISA_USAGE = YES_ERROR;
				CLANG_WARN_DOCUMENTATION_COMMENTS = YES;
				CLANG_WARN_EMPTY_BODY = YES;
				CLANG_WARN_ENUM_CONVERSION = YES;
				CLANG_WARN_INFINITE_RECURSION = YES;
				CLANG_WARN_INT_CONVERSION = YES;
				CLANG_WARN_NON_LITERAL_NULL_CONVERSION = YES;
				CLANG_WARN_OBJC_IMPLICIT_RETAIN_SELF = YES;
				CLANG_WARN_OBJC_LITERAL_CONVERSION = YES;
				CLANG_WARN_OBJC_ROOT_CLASS = YES_ERROR;
				CLANG_WARN_RANGE_LOOP_ANALYSIS = YES;
				CLANG_WARN_STRICT_PROTOTYPES = YES;
				CLANG_WARN_SUSPICIOUS_MOVE = YES;
				CLANG_WARN_UNGUARDED_AVAILABILITY = YES_AGGRESSIVE;
				CLANG_WARN_UNREACHABLE_CODE = YES;
				CLANG_WARN__DUPLICATE_METHOD_MATCH = YES;
				COPY_PHASE_STRIP = NO;
				DEBUG_INFORMATION_FORMAT = dwarf;
				ENABLE_STRICT_OBJC_MSGSEND = YES;
				ENABLE_TESTABILITY = YES;
				GCC_C_LANGUAGE_STANDARD = gnu11;
				GCC_DYNAMIC_NO_PIC = NO;
				GCC_NO_COMMON_BLOCKS = YES;
				GCC_OPTIMIZATION_LEVEL = 0;
				GCC_PREPROCESSOR_DEFINITIONS = (
					"DEBUG=1",
					"$(inherited)",
				);
				GCC_WARN_64_TO_32_BIT_CONVERSION = YES;
				GCC_WARN_ABOUT_RETURN_TYPE = YES_ERROR;
				GCC_WARN_UNDECLARED_SELECTOR = YES;
				GCC_WARN_UNINITIALIZED_AUTOS = YES_AGGRESSIVE;
				GCC_WARN_UNUSED_FUNCTION = YES;
				GCC_WARN_UNUSED_VARIABLE = YES;
				IPHONEOS_DEPLOYMENT_TARGET = 13.2;
				MTL_ENABLE_DEBUG_INFO = INCLUDE_SOURCE;
				MTL_FAST_MATH = YES;
				ONLY_ACTIVE_ARCH = YES;
				SDKROOT = iphoneos;
				SWIFT_ACTIVE_COMPILATION_CONDITIONS = DEBUG;
				SWIFT_OPTIMIZATION_LEVEL = "-Onone";
			};
			name = Debug;
		};
		B206E95223F09C3200A8F26B /* Release */ = {
			isa = XCBuildConfiguration;
			buildSettings = {
				ALWAYS_SEARCH_USER_PATHS = NO;
				CLANG_ANALYZER_NONNULL = YES;
				CLANG_ANALYZER_NUMBER_OBJECT_CONVERSION = YES_AGGRESSIVE;
				CLANG_CXX_LANGUAGE_STANDARD = "gnu++14";
				CLANG_CXX_LIBRARY = "libc++";
				CLANG_ENABLE_MODULES = YES;
				CLANG_ENABLE_OBJC_ARC = YES;
				CLANG_ENABLE_OBJC_WEAK = YES;
				CLANG_WARN_BLOCK_CAPTURE_AUTORELEASING = YES;
				CLANG_WARN_BOOL_CONVERSION = YES;
				CLANG_WARN_COMMA = YES;
				CLANG_WARN_CONSTANT_CONVERSION = YES;
				CLANG_WARN_DEPRECATED_OBJC_IMPLEMENTATIONS = YES;
				CLANG_WARN_DIRECT_OBJC_ISA_USAGE = YES_ERROR;
				CLANG_WARN_DOCUMENTATION_COMMENTS = YES;
				CLANG_WARN_EMPTY_BODY = YES;
				CLANG_WARN_ENUM_CONVERSION = YES;
				CLANG_WARN_INFINITE_RECURSION = YES;
				CLANG_WARN_INT_CONVERSION = YES;
				CLANG_WARN_NON_LITERAL_NULL_CONVERSION = YES;
				CLANG_WARN_OBJC_IMPLICIT_RETAIN_SELF = YES;
				CLANG_WARN_OBJC_LITERAL_CONVERSION = YES;
				CLANG_WARN_OBJC_ROOT_CLASS = YES_ERROR;
				CLANG_WARN_RANGE_LOOP_ANALYSIS = YES;
				CLANG_WARN_STRICT_PROTOTYPES = YES;
				CLANG_WARN_SUSPICIOUS_MOVE = YES;
				CLANG_WARN_UNGUARDED_AVAILABILITY = YES_AGGRESSIVE;
				CLANG_WARN_UNREACHABLE_CODE = YES;
				CLANG_WARN__DUPLICATE_METHOD_MATCH = YES;
				COPY_PHASE_STRIP = NO;
				DEBUG_INFORMATION_FORMAT = "dwarf-with-dsym";
				ENABLE_NS_ASSERTIONS = NO;
				ENABLE_STRICT_OBJC_MSGSEND = YES;
				GCC_C_LANGUAGE_STANDARD = gnu11;
				GCC_NO_COMMON_BLOCKS = YES;
				GCC_WARN_64_TO_32_BIT_CONVERSION = YES;
				GCC_WARN_ABOUT_RETURN_TYPE = YES_ERROR;
				GCC_WARN_UNDECLARED_SELECTOR = YES;
				GCC_WARN_UNINITIALIZED_AUTOS = YES_AGGRESSIVE;
				GCC_WARN_UNUSED_FUNCTION = YES;
				GCC_WARN_UNUSED_VARIABLE = YES;
				IPHONEOS_DEPLOYMENT_TARGET = 13.2;
				MTL_ENABLE_DEBUG_INFO = NO;
				MTL_FAST_MATH = YES;
				SDKROOT = iphoneos;
				SWIFT_COMPILATION_MODE = wholemodule;
				SWIFT_OPTIMIZATION_LEVEL = "-O";
				VALIDATE_PRODUCT = YES;
			};
			name = Release;
		};
		B206E95423F09C3200A8F26B /* Debug */ = {
			isa = XCBuildConfiguration;
			buildSettings = {
				ASSETCATALOG_COMPILER_APPICON_NAME = AppIcon;
				CODE_SIGN_STYLE = Automatic;
				DEVELOPMENT_TEAM = XREP97TJKH;
				INFOPLIST_FILE = GradientNavBarDemo/Info.plist;
				LD_RUNPATH_SEARCH_PATHS = (
					"$(inherited)",
					"@executable_path/Frameworks",
				);
				PRODUCT_BUNDLE_IDENTIFIER = GradientNavBarDemo.GradientNavBarDemo;
				PRODUCT_NAME = "$(TARGET_NAME)";
				SWIFT_VERSION = 5.0;
				TARGETED_DEVICE_FAMILY = "1,2";
			};
			name = Debug;
		};
		B206E95523F09C3200A8F26B /* Release */ = {
			isa = XCBuildConfiguration;
			buildSettings = {
				ASSETCATALOG_COMPILER_APPICON_NAME = AppIcon;
				CODE_SIGN_STYLE = Automatic;
				DEVELOPMENT_TEAM = XREP97TJKH;
				INFOPLIST_FILE = GradientNavBarDemo/Info.plist;
				LD_RUNPATH_SEARCH_PATHS = (
					"$(inherited)",
					"@executable_path/Frameworks",
				);
				PRODUCT_BUNDLE_IDENTIFIER = GradientNavBarDemo.GradientNavBarDemo;
				PRODUCT_NAME = "$(TARGET_NAME)";
				SWIFT_VERSION = 5.0;
				TARGETED_DEVICE_FAMILY = "1,2";
			};
			name = Release;
		};
/* End XCBuildConfiguration section */

/* Begin XCConfigurationList section */
		B206E93A23F09C3100A8F26B /* Build configuration list for PBXProject "GradientNavBarDemo" */ = {
			isa = XCConfigurationList;
			buildConfigurations = (
				B206E95123F09C3200A8F26B /* Debug */,
				B206E95223F09C3200A8F26B /* Release */,
			);
			defaultConfigurationIsVisible = 0;
			defaultConfigurationName = Release;
		};
		B206E95323F09C3200A8F26B /* Build configuration list for PBXNativeTarget "GradientNavBarDemo" */ = {
			isa = XCConfigurationList;
			buildConfigurations = (
				B206E95423F09C3200A8F26B /* Debug */,
				B206E95523F09C3200A8F26B /* Release */,
			);
			defaultConfigurationIsVisible = 0;
			defaultConfigurationName = Release;
		};
/* End XCConfigurationList section */
	};
	rootObject = B206E93723F09C3100A8F26B /* Project object */;
}
